
Microsoft Visual Studio Solution File, Format Version 12.00
# Visual Studio Version 17
VisualStudioVersion = 17.9.34728.123
MinimumVisualStudioVersion = 10.0.40219.1
Project("{9A19103F-16F7-4668-BE54-9A1E7A4F7556}") = "wstep", "wstep\wstep.csproj", "{559DDCD0-8700-4F3D-A785-C34BEB27CE11}"
EndProject
Project("{FAE04EC0-301F-11D3-BF4B-00C04F79EFBC}") = "1-1", "1-1\1-1.csproj", "{4C6547F4-41A6-4BF8-904D-9538729DD34E}"
EndProject
Project("{FAE04EC0-301F-11D3-BF4B-00C04F79EFBC}") = "1-2", "1-2\1-2.csproj", "{8C08DB3F-CFE6-4B01-82DD-CDD1F0DBD7C6}"
EndProject
Project("{FAE04EC0-301F-11D3-BF4B-00C04F79EFBC}") = "1-3", "1-3\1-3.csproj", "{39386C45-572C-4E53-8667-C1036BD4AF86}"
EndProject
Project("{FAE04EC0-301F-11D3-BF4B-00C04F79EFBC}") = "1-4", "1-4\1-4.csproj", "{AF51F04E-C413-4F18-87AA-DCD2AB940EE7}"
EndProject
Global
	GlobalSection(SolutionConfigurationPlatforms) = preSolution
		Debug|Any CPU = Debug|Any CPU
		Release|Any CPU = Release|Any CPU
	EndGlobalSection
	GlobalSection(ProjectConfigurationPlatforms) = postSolution
		{559DDCD0-8700-4F3D-A785-C34BEB27CE11}.Debug|Any CPU.ActiveCfg = Debug|Any CPU
		{559DDCD0-8700-4F3D-A785-C34BEB27CE11}.Debug|Any CPU.Build.0 = Debug|Any CPU
		{559DDCD0-8700-4F3D-A785-C34BEB27CE11}.Release|Any CPU.ActiveCfg = Release|Any CPU
		{559DDCD0-8700-4F3D-A785-C34BEB27CE11}.Release|Any CPU.Build.0 = Release|Any CPU
		{4C6547F4-41A6-4BF8-904D-9538729DD34E}.Debug|Any CPU.ActiveCfg = Debug|Any CPU
		{4C6547F4-41A6-4BF8-904D-9538729DD34E}.Debug|Any CPU.Build.0 = Debug|Any CPU
		{4C6547F4-41A6-4BF8-904D-9538729DD34E}.Release|Any CPU.ActiveCfg = Release|Any CPU
		{4C6547F4-41A6-4BF8-904D-9538729DD34E}.Release|Any CPU.Build.0 = Release|Any CPU
		{8C08DB3F-CFE6-4B01-82DD-CDD1F0DBD7C6}.Debug|Any CPU.ActiveCfg = Debug|Any CPU
		{8C08DB3F-CFE6-4B01-82DD-CDD1F0DBD7C6}.Debug|Any CPU.Build.0 = Debug|Any CPU
		{8C08DB3F-CFE6-4B01-82DD-CDD1F0DBD7C6}.Release|Any CPU.ActiveCfg = Release|Any CPU
		{8C08DB3F-CFE6-4B01-82DD-CDD1F0DBD7C6}.Release|Any CPU.Build.0 = Release|Any CPU
		{39386C45-572C-4E53-8667-C1036BD4AF86}.Debug|Any CPU.ActiveCfg = Debug|Any CPU
		{39386C45-572C-4E53-8667-C1036BD4AF86}.Debug|Any CPU.Build.0 = Debug|Any CPU
		{39386C45-572C-4E53-8667-C1036BD4AF86}.Release|Any CPU.ActiveCfg = Release|Any CPU
		{39386C45-572C-4E53-8667-C1036BD4AF86}.Release|Any CPU.Build.0 = Release|Any CPU
		{AF51F04E-C413-4F18-87AA-DCD2AB940EE7}.Debug|Any CPU.ActiveCfg = Debug|Any CPU
		{AF51F04E-C413-4F18-87AA-DCD2AB940EE7}.Debug|Any CPU.Build.0 = Debug|Any CPU
		{AF51F04E-C413-4F18-87AA-DCD2AB940EE7}.Release|Any CPU.ActiveCfg = Release|Any CPU
		{AF51F04E-C413-4F18-87AA-DCD2AB940EE7}.Release|Any CPU.Build.0 = Release|Any CPU
	EndGlobalSection
	GlobalSection(SolutionProperties) = preSolution
		HideSolutionNode = FALSE
	EndGlobalSection
	GlobalSection(ExtensibilityGlobals) = postSolution
		SolutionGuid = {BFD02640-CAC8-4248-8C0F-76420731EF9B}
	EndGlobalSection
EndGlobal
