
Microsoft Visual Studio Solution File, Format Version 12.00
# Visual Studio Version 17
VisualStudioVersion = 17.9.34728.123
MinimumVisualStudioVersion = 10.0.40219.1
Project("{FAE04EC0-301F-11D3-BF4B-00C04F79EFBC}") = "wstep", "wstep\wstep.csproj", "{559DDCD0-8700-4F3D-A785-C34BEB27CE11}"
EndProject
Global
	GlobalSection(SolutionConfigurationPlatforms) = preSolution
		Debug|Any CPU = Debug|Any CPU
		Release|Any CPU = Release|Any CPU
	EndGlobalSection
	GlobalSection(ProjectConfigurationPlatforms) = postSolution
		{559DDCD0-8700-4F3D-A785-C34BEB27CE11}.Debug|Any CPU.ActiveCfg = Debug|Any CPU
		{559DDCD0-8700-4F3D-A785-C34BEB27CE11}.Debug|Any CPU.Build.0 = Debug|Any CPU
		{559DDCD0-8700-4F3D-A785-C34BEB27CE11}.Release|Any CPU.ActiveCfg = Release|Any CPU
		{559DDCD0-8700-4F3D-A785-C34BEB27CE11}.Release|Any CPU.Build.0 = Release|Any CPU
	EndGlobalSection
	GlobalSection(SolutionProperties) = preSolution
		HideSolutionNode = FALSE
	EndGlobalSection
	GlobalSection(ExtensibilityGlobals) = postSolution
		SolutionGuid = {BFD02640-CAC8-4248-8C0F-76420731EF9B}
	EndGlobalSection
EndGlobal
